// !$*UTF8*$!
{
	archiveVersion = 1;
	classes = {
	};
	objectVersion = 46;
	objects = {

/* Begin PBXBuildFile section */
		2F009CA61C7EF75300D01B85 /* main.m in Sources */ = {isa = PBXBuildFile; fileRef = 2F009CA51C7EF75300D01B85 /* main.m */; };
		2F009CA91C7EF75300D01B85 /* AppDelegate.m in Sources */ = {isa = PBXBuildFile; fileRef = 2F009CA81C7EF75300D01B85 /* AppDelegate.m */; };
		2F009CAC1C7EF75300D01B85 /* ViewController.m in Sources */ = {isa = PBXBuildFile; fileRef = 2F009CAB1C7EF75300D01B85 /* ViewController.m */; };
		2F009CAF1C7EF75300D01B85 /* Main.storyboard in Resources */ = {isa = PBXBuildFile; fileRef = 2F009CAD1C7EF75300D01B85 /* Main.storyboard */; };
		2F009CB11C7EF75300D01B85 /* Assets.xcassets in Resources */ = {isa = PBXBuildFile; fileRef = 2F009CB01C7EF75300D01B85 /* Assets.xcassets */; };
		2F009CB41C7EF75300D01B85 /* LaunchScreen.storyboard in Resources */ = {isa = PBXBuildFile; fileRef = 2F009CB21C7EF75300D01B85 /* LaunchScreen.storyboard */; };
		2F009CBF1C7EF75400D01B85 /* rsasmsTests.m in Sources */ = {isa = PBXBuildFile; fileRef = 2F009CBE1C7EF75400D01B85 /* rsasmsTests.m */; };
		2F009CCA1C7EF75400D01B85 /* rsasmsUITests.m in Sources */ = {isa = PBXBuildFile; fileRef = 2F009CC91C7EF75400D01B85 /* rsasmsUITests.m */; };
		D00897C11C86003E0097661B /* RSAConversationTableViewController.m in Sources */ = {isa = PBXBuildFile; fileRef = D00897C01C86003E0097661B /* RSAConversationTableViewController.m */; };
		D0245F681C7FF37700DD4A5B /* RSA.m in Sources */ = {isa = PBXBuildFile; fileRef = D0245F671C7FF37700DD4A5B /* RSA.m */; };
		D02587161C9791D700BEE0D8 /* rsalib.c in Sources */ = {isa = PBXBuildFile; fileRef = D02587141C9791D700BEE0D8 /* rsalib.c */; };
		D07586831C940FD9001A3BAF /* MessageHistory.m in Sources */ = {isa = PBXBuildFile; fileRef = D07586821C940FD9001A3BAF /* MessageHistory.m */; };
		D07586861C96A00E001A3BAF /* Message.m in Sources */ = {isa = PBXBuildFile; fileRef = D07586851C96A00E001A3BAF /* Message.m */; };
		D09ABB791C97ECCE0048E98F /* IntakeAndSetup.storyboard in Resources */ = {isa = PBXBuildFile; fileRef = D09ABB781C97ECCE0048E98F /* IntakeAndSetup.storyboard */; };
		D0A9CF211D0A525D00D3A03D /* Compose.storyboard in Resources */ = {isa = PBXBuildFile; fileRef = D0A9CF1F1D0A525D00D3A03D /* Compose.storyboard */; };
		D0A9CF231D0A527600D3A03D /* Messages.storyboard in Resources */ = {isa = PBXBuildFile; fileRef = D0A9CF221D0A527600D3A03D /* Messages.storyboard */; };
		D0A9CF261D0A537E00D3A03D /* RSAConversationTableViewCell.m in Sources */ = {isa = PBXBuildFile; fileRef = D0A9CF251D0A537E00D3A03D /* RSAConversationTableViewCell.m */; };
/* End PBXBuildFile section */

/* Begin PBXContainerItemProxy section */
		2F009CBB1C7EF75400D01B85 /* PBXContainerItemProxy */ = {
			isa = PBXContainerItemProxy;
			containerPortal = 2F009C991C7EF75200D01B85 /* Project object */;
			proxyType = 1;
			remoteGlobalIDString = 2F009CA01C7EF75200D01B85;
			remoteInfo = rsasms;
		};
		2F009CC61C7EF75400D01B85 /* PBXContainerItemProxy */ = {
			isa = PBXContainerItemProxy;
			containerPortal = 2F009C991C7EF75200D01B85 /* Project object */;
			proxyType = 1;
			remoteGlobalIDString = 2F009CA01C7EF75200D01B85;
			remoteInfo = rsasms;
		};
/* End PBXContainerItemProxy section */

/* Begin PBXFileReference section */
		2F009CA11C7EF75200D01B85 /* rsasms.app */ = {isa = PBXFileReference; explicitFileType = wrapper.application; includeInIndex = 0; path = rsasms.app; sourceTree = BUILT_PRODUCTS_DIR; };
		2F009CA51C7EF75300D01B85 /* main.m */ = {isa = PBXFileReference; lastKnownFileType = sourcecode.c.objc; path = main.m; sourceTree = "<group>"; };
		2F009CA71C7EF75300D01B85 /* AppDelegate.h */ = {isa = PBXFileReference; lastKnownFileType = sourcecode.c.h; path = AppDelegate.h; sourceTree = "<group>"; };
		2F009CA81C7EF75300D01B85 /* AppDelegate.m */ = {isa = PBXFileReference; lastKnownFileType = sourcecode.c.objc; path = AppDelegate.m; sourceTree = "<group>"; };
		2F009CAA1C7EF75300D01B85 /* ViewController.h */ = {isa = PBXFileReference; lastKnownFileType = sourcecode.c.h; path = ViewController.h; sourceTree = "<group>"; };
		2F009CAB1C7EF75300D01B85 /* ViewController.m */ = {isa = PBXFileReference; lastKnownFileType = sourcecode.c.objc; path = ViewController.m; sourceTree = "<group>"; };
		2F009CAE1C7EF75300D01B85 /* Base */ = {isa = PBXFileReference; lastKnownFileType = file.storyboard; name = Base; path = Base.lproj/Main.storyboard; sourceTree = "<group>"; };
		2F009CB01C7EF75300D01B85 /* Assets.xcassets */ = {isa = PBXFileReference; lastKnownFileType = folder.assetcatalog; path = Assets.xcassets; sourceTree = "<group>"; };
		2F009CB31C7EF75300D01B85 /* Base */ = {isa = PBXFileReference; lastKnownFileType = file.storyboard; name = Base; path = Base.lproj/LaunchScreen.storyboard; sourceTree = "<group>"; };
		2F009CB51C7EF75300D01B85 /* Info.plist */ = {isa = PBXFileReference; lastKnownFileType = text.plist.xml; path = Info.plist; sourceTree = "<group>"; };
		2F009CBA1C7EF75400D01B85 /* rsasmsTests.xctest */ = {isa = PBXFileReference; explicitFileType = wrapper.cfbundle; includeInIndex = 0; path = rsasmsTests.xctest; sourceTree = BUILT_PRODUCTS_DIR; };
		2F009CBE1C7EF75400D01B85 /* rsasmsTests.m */ = {isa = PBXFileReference; lastKnownFileType = sourcecode.c.objc; path = rsasmsTests.m; sourceTree = "<group>"; };
		2F009CC01C7EF75400D01B85 /* Info.plist */ = {isa = PBXFileReference; lastKnownFileType = text.plist.xml; path = Info.plist; sourceTree = "<group>"; };
		2F009CC51C7EF75400D01B85 /* rsasmsUITests.xctest */ = {isa = PBXFileReference; explicitFileType = wrapper.cfbundle; includeInIndex = 0; path = rsasmsUITests.xctest; sourceTree = BUILT_PRODUCTS_DIR; };
		2F009CC91C7EF75400D01B85 /* rsasmsUITests.m */ = {isa = PBXFileReference; lastKnownFileType = sourcecode.c.objc; path = rsasmsUITests.m; sourceTree = "<group>"; };
		2F009CCB1C7EF75400D01B85 /* Info.plist */ = {isa = PBXFileReference; lastKnownFileType = text.plist.xml; path = Info.plist; sourceTree = "<group>"; };
		D00897BF1C86003E0097661B /* RSAConversationTableViewController.h */ = {isa = PBXFileReference; fileEncoding = 4; lastKnownFileType = sourcecode.c.h; name = RSAConversationTableViewController.h; path = ../RSAConversationTableViewController.h; sourceTree = "<group>"; };
		D00897C01C86003E0097661B /* RSAConversationTableViewController.m */ = {isa = PBXFileReference; fileEncoding = 4; lastKnownFileType = sourcecode.c.objc; name = RSAConversationTableViewController.m; path = ../RSAConversationTableViewController.m; sourceTree = "<group>"; };
		D0245F661C7FF37700DD4A5B /* RSA.h */ = {isa = PBXFileReference; fileEncoding = 4; lastKnownFileType = sourcecode.c.h; path = RSA.h; sourceTree = "<group>"; };
		D0245F671C7FF37700DD4A5B /* RSA.m */ = {isa = PBXFileReference; fileEncoding = 4; lastKnownFileType = sourcecode.c.objc; path = RSA.m; sourceTree = "<group>"; };
		D02587141C9791D700BEE0D8 /* rsalib.c */ = {isa = PBXFileReference; fileEncoding = 4; lastKnownFileType = sourcecode.c.c; path = rsalib.c; sourceTree = "<group>"; };
		D02587151C9791D700BEE0D8 /* rsalib.h */ = {isa = PBXFileReference; fileEncoding = 4; lastKnownFileType = sourcecode.c.h; path = rsalib.h; sourceTree = "<group>"; };
		D07586811C940FD9001A3BAF /* MessageHistory.h */ = {isa = PBXFileReference; fileEncoding = 4; lastKnownFileType = sourcecode.c.h; path = MessageHistory.h; sourceTree = "<group>"; };
		D07586821C940FD9001A3BAF /* MessageHistory.m */ = {isa = PBXFileReference; fileEncoding = 4; lastKnownFileType = sourcecode.c.objc; path = MessageHistory.m; sourceTree = "<group>"; };
		D07586841C96A00E001A3BAF /* Message.h */ = {isa = PBXFileReference; fileEncoding = 4; lastKnownFileType = sourcecode.c.h; path = Message.h; sourceTree = "<group>"; };
		D07586851C96A00E001A3BAF /* Message.m */ = {isa = PBXFileReference; fileEncoding = 4; lastKnownFileType = sourcecode.c.objc; path = Message.m; sourceTree = "<group>"; };
		D09ABB781C97ECCE0048E98F /* IntakeAndSetup.storyboard */ = {isa = PBXFileReference; fileEncoding = 4; lastKnownFileType = file.storyboard; path = IntakeAndSetup.storyboard; sourceTree = "<group>"; };
		D0A9CF201D0A525D00D3A03D /* Base */ = {isa = PBXFileReference; lastKnownFileType = file.storyboard; name = Base; path = Base.lproj/Compose.storyboard; sourceTree = "<group>"; };
		D0A9CF221D0A527600D3A03D /* Messages.storyboard */ = {isa = PBXFileReference; fileEncoding = 4; lastKnownFileType = file.storyboard; path = Messages.storyboard; sourceTree = "<group>"; };
		D0A9CF241D0A537E00D3A03D /* RSAConversationTableViewCell.h */ = {isa = PBXFileReference; fileEncoding = 4; lastKnownFileType = sourcecode.c.h; path = RSAConversationTableViewCell.h; sourceTree = "<group>"; };
		D0A9CF251D0A537E00D3A03D /* RSAConversationTableViewCell.m */ = {isa = PBXFileReference; fileEncoding = 4; lastKnownFileType = sourcecode.c.objc; path = RSAConversationTableViewCell.m; sourceTree = "<group>"; };
/* End PBXFileReference section */

/* Begin PBXFrameworksBuildPhase section */
		2F009C9E1C7EF75200D01B85 /* Frameworks */ = {
			isa = PBXFrameworksBuildPhase;
			buildActionMask = 2147483647;
			files = (
			);
			runOnlyForDeploymentPostprocessing = 0;
		};
		2F009CB71C7EF75400D01B85 /* Frameworks */ = {
			isa = PBXFrameworksBuildPhase;
			buildActionMask = 2147483647;
			files = (
			);
			runOnlyForDeploymentPostprocessing = 0;
		};
		2F009CC21C7EF75400D01B85 /* Frameworks */ = {
			isa = PBXFrameworksBuildPhase;
			buildActionMask = 2147483647;
			files = (
			);
			runOnlyForDeploymentPostprocessing = 0;
		};
/* End PBXFrameworksBuildPhase section */

/* Begin PBXGroup section */
		2F009C981C7EF75200D01B85 = {
			isa = PBXGroup;
			children = (
				2F009CA31C7EF75300D01B85 /* rsasms */,
				2F009CBD1C7EF75400D01B85 /* rsasmsTests */,
				2F009CC81C7EF75400D01B85 /* rsasmsUITests */,
				2F009CA21C7EF75200D01B85 /* Products */,
			);
			sourceTree = "<group>";
		};
		2F009CA21C7EF75200D01B85 /* Products */ = {
			isa = PBXGroup;
			children = (
				2F009CA11C7EF75200D01B85 /* rsasms.app */,
				2F009CBA1C7EF75400D01B85 /* rsasmsTests.xctest */,
				2F009CC51C7EF75400D01B85 /* rsasmsUITests.xctest */,
			);
			name = Products;
			sourceTree = "<group>";
		};
		2F009CA31C7EF75300D01B85 /* rsasms */ = {
			isa = PBXGroup;
			children = (
				2F009CA71C7EF75300D01B85 /* AppDelegate.h */,
				2F009CA81C7EF75300D01B85 /* AppDelegate.m */,
				2F009CAA1C7EF75300D01B85 /* ViewController.h */,
				2F009CAB1C7EF75300D01B85 /* ViewController.m */,
				D07586811C940FD9001A3BAF /* MessageHistory.h */,
				D07586821C940FD9001A3BAF /* MessageHistory.m */,
				D07586841C96A00E001A3BAF /* Message.h */,
				D07586851C96A00E001A3BAF /* Message.m */,
				D0245F661C7FF37700DD4A5B /* RSA.h */,
				D0245F671C7FF37700DD4A5B /* RSA.m */,
				D02587141C9791D700BEE0D8 /* rsalib.c */,
				D02587151C9791D700BEE0D8 /* rsalib.h */,
				D00897BF1C86003E0097661B /* RSAConversationTableViewController.h */,
				D00897C01C86003E0097661B /* RSAConversationTableViewController.m */,
				D0A9CF241D0A537E00D3A03D /* RSAConversationTableViewCell.h */,
				D0A9CF251D0A537E00D3A03D /* RSAConversationTableViewCell.m */,
				2F009CAD1C7EF75300D01B85 /* Main.storyboard */,
				D0A9CF221D0A527600D3A03D /* Messages.storyboard */,
				D0A9CF1F1D0A525D00D3A03D /* Compose.storyboard */,
				D09ABB781C97ECCE0048E98F /* IntakeAndSetup.storyboard */,
				2F009CB01C7EF75300D01B85 /* Assets.xcassets */,
				2F009CB21C7EF75300D01B85 /* LaunchScreen.storyboard */,
				2F009CB51C7EF75300D01B85 /* Info.plist */,
				2F009CA41C7EF75300D01B85 /* Supporting Files */,
			);
			path = rsasms;
			sourceTree = "<group>";
		};
		2F009CA41C7EF75300D01B85 /* Supporting Files */ = {
			isa = PBXGroup;
			children = (
				2F009CA51C7EF75300D01B85 /* main.m */,
			);
			name = "Supporting Files";
			sourceTree = "<group>";
		};
		2F009CBD1C7EF75400D01B85 /* rsasmsTests */ = {
			isa = PBXGroup;
			children = (
				2F009CBE1C7EF75400D01B85 /* rsasmsTests.m */,
				2F009CC01C7EF75400D01B85 /* Info.plist */,
			);
			path = rsasmsTests;
			sourceTree = "<group>";
		};
		2F009CC81C7EF75400D01B85 /* rsasmsUITests */ = {
			isa = PBXGroup;
			children = (
				2F009CC91C7EF75400D01B85 /* rsasmsUITests.m */,
				2F009CCB1C7EF75400D01B85 /* Info.plist */,
			);
			path = rsasmsUITests;
			sourceTree = "<group>";
		};
/* End PBXGroup section */

/* Begin PBXNativeTarget section */
		2F009CA01C7EF75200D01B85 /* rsasms */ = {
			isa = PBXNativeTarget;
			buildConfigurationList = 2F009CCE1C7EF75400D01B85 /* Build configuration list for PBXNativeTarget "rsasms" */;
			buildPhases = (
				2F009C9D1C7EF75200D01B85 /* Sources */,
				2F009C9E1C7EF75200D01B85 /* Frameworks */,
				2F009C9F1C7EF75200D01B85 /* Resources */,
				D00DCFF21CAB4B4B004862D0 /* ShellScript */,
			);
			buildRules = (
			);
			dependencies = (
			);
			name = rsasms;
			productName = rsasms;
			productReference = 2F009CA11C7EF75200D01B85 /* rsasms.app */;
			productType = "com.apple.product-type.application";
		};
		2F009CB91C7EF75400D01B85 /* rsasmsTests */ = {
			isa = PBXNativeTarget;
			buildConfigurationList = 2F009CD11C7EF75400D01B85 /* Build configuration list for PBXNativeTarget "rsasmsTests" */;
			buildPhases = (
				2F009CB61C7EF75400D01B85 /* Sources */,
				2F009CB71C7EF75400D01B85 /* Frameworks */,
				2F009CB81C7EF75400D01B85 /* Resources */,
			);
			buildRules = (
			);
			dependencies = (
				2F009CBC1C7EF75400D01B85 /* PBXTargetDependency */,
			);
			name = rsasmsTests;
			productName = rsasmsTests;
			productReference = 2F009CBA1C7EF75400D01B85 /* rsasmsTests.xctest */;
			productType = "com.apple.product-type.bundle.unit-test";
		};
		2F009CC41C7EF75400D01B85 /* rsasmsUITests */ = {
			isa = PBXNativeTarget;
			buildConfigurationList = 2F009CD41C7EF75400D01B85 /* Build configuration list for PBXNativeTarget "rsasmsUITests" */;
			buildPhases = (
				2F009CC11C7EF75400D01B85 /* Sources */,
				2F009CC21C7EF75400D01B85 /* Frameworks */,
				2F009CC31C7EF75400D01B85 /* Resources */,
			);
			buildRules = (
			);
			dependencies = (
				2F009CC71C7EF75400D01B85 /* PBXTargetDependency */,
			);
			name = rsasmsUITests;
			productName = rsasmsUITests;
			productReference = 2F009CC51C7EF75400D01B85 /* rsasmsUITests.xctest */;
			productType = "com.apple.product-type.bundle.ui-testing";
		};
/* End PBXNativeTarget section */

/* Begin PBXProject section */
		2F009C991C7EF75200D01B85 /* Project object */ = {
			isa = PBXProject;
			attributes = {
				LastUpgradeCheck = 0720;
				ORGANIZATIONNAME = "Estevan Hernandez";
				TargetAttributes = {
					2F009CA01C7EF75200D01B85 = {
						CreatedOnToolsVersion = 7.2.1;
						DevelopmentTeam = HN5BCR98TW;
					};
					2F009CB91C7EF75400D01B85 = {
						CreatedOnToolsVersion = 7.2.1;
						TestTargetID = 2F009CA01C7EF75200D01B85;
					};
					2F009CC41C7EF75400D01B85 = {
						CreatedOnToolsVersion = 7.2.1;
						TestTargetID = 2F009CA01C7EF75200D01B85;
					};
				};
			};
			buildConfigurationList = 2F009C9C1C7EF75200D01B85 /* Build configuration list for PBXProject "rsasms" */;
			compatibilityVersion = "Xcode 3.2";
			developmentRegion = English;
			hasScannedForEncodings = 0;
			knownRegions = (
				en,
				Base,
			);
			mainGroup = 2F009C981C7EF75200D01B85;
			productRefGroup = 2F009CA21C7EF75200D01B85 /* Products */;
			projectDirPath = "";
			projectRoot = "";
			targets = (
				2F009CA01C7EF75200D01B85 /* rsasms */,
				2F009CB91C7EF75400D01B85 /* rsasmsTests */,
				2F009CC41C7EF75400D01B85 /* rsasmsUITests */,
			);
		};
/* End PBXProject section */

/* Begin PBXResourcesBuildPhase section */
		2F009C9F1C7EF75200D01B85 /* Resources */ = {
			isa = PBXResourcesBuildPhase;
			buildActionMask = 2147483647;
			files = (
				D0A9CF231D0A527600D3A03D /* Messages.storyboard in Resources */,
				D09ABB791C97ECCE0048E98F /* IntakeAndSetup.storyboard in Resources */,
				2F009CB41C7EF75300D01B85 /* LaunchScreen.storyboard in Resources */,
				D0A9CF211D0A525D00D3A03D /* Compose.storyboard in Resources */,
				2F009CB11C7EF75300D01B85 /* Assets.xcassets in Resources */,
				2F009CAF1C7EF75300D01B85 /* Main.storyboard in Resources */,
			);
			runOnlyForDeploymentPostprocessing = 0;
		};
		2F009CB81C7EF75400D01B85 /* Resources */ = {
			isa = PBXResourcesBuildPhase;
			buildActionMask = 2147483647;
			files = (
			);
			runOnlyForDeploymentPostprocessing = 0;
		};
		2F009CC31C7EF75400D01B85 /* Resources */ = {
			isa = PBXResourcesBuildPhase;
			buildActionMask = 2147483647;
			files = (
			);
			runOnlyForDeploymentPostprocessing = 0;
		};
/* End PBXResourcesBuildPhase section */

/* Begin PBXShellScriptBuildPhase section */
		D00DCFF21CAB4B4B004862D0 /* ShellScript */ = {
			isa = PBXShellScriptBuildPhase;
			buildActionMask = 2147483647;
			files = (
			);
			inputPaths = (
			);
			outputPaths = (
			);
			runOnlyForDeploymentPostprocessing = 0;
			shellPath = /bin/sh;
			shellScript = "";
		};
/* End PBXShellScriptBuildPhase section */

/* Begin PBXSourcesBuildPhase section */
		2F009C9D1C7EF75200D01B85 /* Sources */ = {
			isa = PBXSourcesBuildPhase;
			buildActionMask = 2147483647;
			files = (
				D02587161C9791D700BEE0D8 /* rsalib.c in Sources */,
				2F009CAC1C7EF75300D01B85 /* ViewController.m in Sources */,
				D07586861C96A00E001A3BAF /* Message.m in Sources */,
				2F009CA91C7EF75300D01B85 /* AppDelegate.m in Sources */,
				D07586831C940FD9001A3BAF /* MessageHistory.m in Sources */,
				D00897C11C86003E0097661B /* RSAConversationTableViewController.m in Sources */,
				D0245F681C7FF37700DD4A5B /* RSA.m in Sources */,
				2F009CA61C7EF75300D01B85 /* main.m in Sources */,
				D0A9CF261D0A537E00D3A03D /* RSAConversationTableViewCell.m in Sources */,
			);
			runOnlyForDeploymentPostprocessing = 0;
		};
		2F009CB61C7EF75400D01B85 /* Sources */ = {
			isa = PBXSourcesBuildPhase;
			buildActionMask = 2147483647;
			files = (
				2F009CBF1C7EF75400D01B85 /* rsasmsTests.m in Sources */,
			);
			runOnlyForDeploymentPostprocessing = 0;
		};
		2F009CC11C7EF75400D01B85 /* Sources */ = {
			isa = PBXSourcesBuildPhase;
			buildActionMask = 2147483647;
			files = (
				2F009CCA1C7EF75400D01B85 /* rsasmsUITests.m in Sources */,
			);
			runOnlyForDeploymentPostprocessing = 0;
		};
/* End PBXSourcesBuildPhase section */

/* Begin PBXTargetDependency section */
		2F009CBC1C7EF75400D01B85 /* PBXTargetDependency */ = {
			isa = PBXTargetDependency;
			target = 2F009CA01C7EF75200D01B85 /* rsasms */;
			targetProxy = 2F009CBB1C7EF75400D01B85 /* PBXContainerItemProxy */;
		};
		2F009CC71C7EF75400D01B85 /* PBXTargetDependency */ = {
			isa = PBXTargetDependency;
			target = 2F009CA01C7EF75200D01B85 /* rsasms */;
			targetProxy = 2F009CC61C7EF75400D01B85 /* PBXContainerItemProxy */;
		};
/* End PBXTargetDependency section */

/* Begin PBXVariantGroup section */
		2F009CAD1C7EF75300D01B85 /* Main.storyboard */ = {
			isa = PBXVariantGroup;
			children = (
				2F009CAE1C7EF75300D01B85 /* Base */,
			);
			name = Main.storyboard;
			sourceTree = "<group>";
		};
		2F009CB21C7EF75300D01B85 /* LaunchScreen.storyboard */ = {
			isa = PBXVariantGroup;
			children = (
				2F009CB31C7EF75300D01B85 /* Base */,
			);
			name = LaunchScreen.storyboard;
			sourceTree = "<group>";
		};
		D0A9CF1F1D0A525D00D3A03D /* Compose.storyboard */ = {
			isa = PBXVariantGroup;
			children = (
				D0A9CF201D0A525D00D3A03D /* Base */,
			);
			name = Compose.storyboard;
			sourceTree = "<group>";
		};
/* End PBXVariantGroup section */

/* Begin XCBuildConfiguration section */
		2F009CCC1C7EF75400D01B85 /* Debug */ = {
			isa = XCBuildConfiguration;
			buildSettings = {
				ALWAYS_SEARCH_USER_PATHS = NO;
				CLANG_CXX_LANGUAGE_STANDARD = "gnu++0x";
				CLANG_CXX_LIBRARY = "libc++";
				CLANG_ENABLE_MODULES = YES;
				CLANG_ENABLE_OBJC_ARC = YES;
				CLANG_WARN_BOOL_CONVERSION = YES;
				CLANG_WARN_CONSTANT_CONVERSION = YES;
				CLANG_WARN_DIRECT_OBJC_ISA_USAGE = YES_ERROR;
				CLANG_WARN_EMPTY_BODY = YES;
				CLANG_WARN_ENUM_CONVERSION = YES;
				CLANG_WARN_INT_CONVERSION = YES;
				CLANG_WARN_OBJC_ROOT_CLASS = YES_ERROR;
				CLANG_WARN_UNREACHABLE_CODE = YES;
				CLANG_WARN__DUPLICATE_METHOD_MATCH = YES;
				"CODE_SIGN_IDENTITY[sdk=iphoneos*]" = "iPhone Developer";
				COPY_PHASE_STRIP = NO;
				DEBUG_INFORMATION_FORMAT = dwarf;
				ENABLE_STRICT_OBJC_MSGSEND = YES;
				ENABLE_TESTABILITY = YES;
				GCC_C_LANGUAGE_STANDARD = gnu99;
				GCC_DYNAMIC_NO_PIC = NO;
				GCC_NO_COMMON_BLOCKS = YES;
				GCC_OPTIMIZATION_LEVEL = 0;
				GCC_PREPROCESSOR_DEFINITIONS = (
					"DEBUG=1",
					"$(inherited)",
				);
				GCC_WARN_64_TO_32_BIT_CONVERSION = YES;
				GCC_WARN_ABOUT_RETURN_TYPE = YES_ERROR;
				GCC_WARN_UNDECLARED_SELECTOR = YES;
				GCC_WARN_UNINITIALIZED_AUTOS = YES_AGGRESSIVE;
				GCC_WARN_UNUSED_FUNCTION = YES;
				GCC_WARN_UNUSED_VARIABLE = YES;
				IPHONEOS_DEPLOYMENT_TARGET = 9.2;
				MTL_ENABLE_DEBUG_INFO = YES;
				ONLY_ACTIVE_ARCH = YES;
				SDKROOT = iphoneos;
			};
			name = Debug;
		};
		2F009CCD1C7EF75400D01B85 /* Release */ = {
			isa = XCBuildConfiguration;
			buildSettings = {
				ALWAYS_SEARCH_USER_PATHS = NO;
				CLANG_CXX_LANGUAGE_STANDARD = "gnu++0x";
				CLANG_CXX_LIBRARY = "libc++";
				CLANG_ENABLE_MODULES = YES;
				CLANG_ENABLE_OBJC_ARC = YES;
				CLANG_WARN_BOOL_CONVERSION = YES;
				CLANG_WARN_CONSTANT_CONVERSION = YES;
				CLANG_WARN_DIRECT_OBJC_ISA_USAGE = YES_ERROR;
				CLANG_WARN_EMPTY_BODY = YES;
				CLANG_WARN_ENUM_CONVERSION = YES;
				CLANG_WARN_INT_CONVERSION = YES;
				CLANG_WARN_OBJC_ROOT_CLASS = YES_ERROR;
				CLANG_WARN_UNREACHABLE_CODE = YES;
				CLANG_WARN__DUPLICATE_METHOD_MATCH = YES;
				"CODE_SIGN_IDENTITY[sdk=iphoneos*]" = "iPhone Developer";
				COPY_PHASE_STRIP = NO;
				DEBUG_INFORMATION_FORMAT = "dwarf-with-dsym";
				ENABLE_NS_ASSERTIONS = NO;
				ENABLE_STRICT_OBJC_MSGSEND = YES;
				GCC_C_LANGUAGE_STANDARD = gnu99;
				GCC_NO_COMMON_BLOCKS = YES;
				GCC_WARN_64_TO_32_BIT_CONVERSION = YES;
				GCC_WARN_ABOUT_RETURN_TYPE = YES_ERROR;
				GCC_WARN_UNDECLARED_SELECTOR = YES;
				GCC_WARN_UNINITIALIZED_AUTOS = YES_AGGRESSIVE;
				GCC_WARN_UNUSED_FUNCTION = YES;
				GCC_WARN_UNUSED_VARIABLE = YES;
				IPHONEOS_DEPLOYMENT_TARGET = 9.2;
				MTL_ENABLE_DEBUG_INFO = NO;
				SDKROOT = iphoneos;
				VALIDATE_PRODUCT = YES;
			};
			name = Release;
		};
		2F009CCF1C7EF75400D01B85 /* Debug */ = {
			isa = XCBuildConfiguration;
			buildSettings = {
				ASSETCATALOG_COMPILER_APPICON_NAME = AppIcon;
				CODE_SIGN_IDENTITY = "iPhone Developer";
				"CODE_SIGN_IDENTITY[sdk=iphoneos*]" = "iPhone Developer";
				FRAMEWORK_SEARCH_PATHS = (
					"$(inherited)",
					"$(PROJECT_DIR)",
				);
				INFOPLIST_FILE = rsasms/Info.plist;
				LD_RUNPATH_SEARCH_PATHS = "$(inherited) @executable_path/Frameworks";
				PRODUCT_BUNDLE_IDENTIFIER = com.rsasms;
				PRODUCT_NAME = "$(TARGET_NAME)";
				PROVISIONING_PROFILE = "";
			};
			name = Debug;
		};
		2F009CD01C7EF75400D01B85 /* Release */ = {
			isa = XCBuildConfiguration;
			buildSettings = {
				ASSETCATALOG_COMPILER_APPICON_NAME = AppIcon;
				CODE_SIGN_IDENTITY = "iPhone Developer";
				"CODE_SIGN_IDENTITY[sdk=iphoneos*]" = "iPhone Developer";
				FRAMEWORK_SEARCH_PATHS = (
					"$(inherited)",
					"$(PROJECT_DIR)",
				);
				INFOPLIST_FILE = rsasms/Info.plist;
				LD_RUNPATH_SEARCH_PATHS = "$(inherited) @executable_path/Frameworks";
				PRODUCT_BUNDLE_IDENTIFIER = com.rsasms;
				PRODUCT_NAME = "$(TARGET_NAME)";
				PROVISIONING_PROFILE = "";
			};
			name = Release;
		};
		2F009CD21C7EF75400D01B85 /* Debug */ = {
			isa = XCBuildConfiguration;
			buildSettings = {
				BUNDLE_LOADER = "$(TEST_HOST)";
				INFOPLIST_FILE = rsasmsTests/Info.plist;
				LD_RUNPATH_SEARCH_PATHS = "$(inherited) @executable_path/Frameworks @loader_path/Frameworks";
				PRODUCT_BUNDLE_IDENTIFIER = Monolith.rsasmsTests;
				PRODUCT_NAME = "$(TARGET_NAME)";
				TEST_HOST = "$(BUILT_PRODUCTS_DIR)/rsasms.app/rsasms";
			};
			name = Debug;
		};
		2F009CD31C7EF75400D01B85 /* Release */ = {
			isa = XCBuildConfiguration;
			buildSettings = {
				BUNDLE_LOADER = "$(TEST_HOST)";
				INFOPLIST_FILE = rsasmsTests/Info.plist;
				LD_RUNPATH_SEARCH_PATHS = "$(inherited) @executable_path/Frameworks @loader_path/Frameworks";
				PRODUCT_BUNDLE_IDENTIFIER = Monolith.rsasmsTests;
				PRODUCT_NAME = "$(TARGET_NAME)";
				TEST_HOST = "$(BUILT_PRODUCTS_DIR)/rsasms.app/rsasms";
			};
			name = Release;
		};
		2F009CD51C7EF75400D01B85 /* Debug */ = {
			isa = XCBuildConfiguration;
			buildSettings = {
				INFOPLIST_FILE = rsasmsUITests/Info.plist;
				LD_RUNPATH_SEARCH_PATHS = "$(inherited) @executable_path/Frameworks @loader_path/Frameworks";
				PRODUCT_BUNDLE_IDENTIFIER = Monolith.rsasmsUITests;
				PRODUCT_NAME = "$(TARGET_NAME)";
				TEST_TARGET_NAME = rsasms;
				USES_XCTRUNNER = YES;
			};
			name = Debug;
		};
		2F009CD61C7EF75400D01B85 /* Release */ = {
			isa = XCBuildConfiguration;
			buildSettings = {
				INFOPLIST_FILE = rsasmsUITests/Info.plist;
				LD_RUNPATH_SEARCH_PATHS = "$(inherited) @executable_path/Frameworks @loader_path/Frameworks";
				PRODUCT_BUNDLE_IDENTIFIER = Monolith.rsasmsUITests;
				PRODUCT_NAME = "$(TARGET_NAME)";
				TEST_TARGET_NAME = rsasms;
				USES_XCTRUNNER = YES;
			};
			name = Release;
		};
/* End XCBuildConfiguration section */

/* Begin XCConfigurationList section */
		2F009C9C1C7EF75200D01B85 /* Build configuration list for PBXProject "rsasms" */ = {
			isa = XCConfigurationList;
			buildConfigurations = (
				2F009CCC1C7EF75400D01B85 /* Debug */,
				2F009CCD1C7EF75400D01B85 /* Release */,
			);
			defaultConfigurationIsVisible = 0;
			defaultConfigurationName = Release;
		};
		2F009CCE1C7EF75400D01B85 /* Build configuration list for PBXNativeTarget "rsasms" */ = {
			isa = XCConfigurationList;
			buildConfigurations = (
				2F009CCF1C7EF75400D01B85 /* Debug */,
				2F009CD01C7EF75400D01B85 /* Release */,
			);
			defaultConfigurationIsVisible = 0;
			defaultConfigurationName = Release;
		};
		2F009CD11C7EF75400D01B85 /* Build configuration list for PBXNativeTarget "rsasmsTests" */ = {
			isa = XCConfigurationList;
			buildConfigurations = (
				2F009CD21C7EF75400D01B85 /* Debug */,
				2F009CD31C7EF75400D01B85 /* Release */,
			);
			defaultConfigurationIsVisible = 0;
			defaultConfigurationName = Release;
		};
		2F009CD41C7EF75400D01B85 /* Build configuration list for PBXNativeTarget "rsasmsUITests" */ = {
			isa = XCConfigurationList;
			buildConfigurations = (
				2F009CD51C7EF75400D01B85 /* Debug */,
				2F009CD61C7EF75400D01B85 /* Release */,
			);
			defaultConfigurationIsVisible = 0;
			defaultConfigurationName = Release;
		};
/* End XCConfigurationList section */
	};
	rootObject = 2F009C991C7EF75200D01B85 /* Project object */;
}
